
Microsoft Visual Studio Solution File, Format Version 12.00
# Visual Studio 15
VisualStudioVersion = 15.0.27703.2035
MinimumVisualStudioVersion = 10.0.40219.1
Project("{FAE04EC0-301F-11D3-BF4B-00C04F79EFBC}") = "ChainOfResponsibility", "ConsoleApp3\ChainOfResponsibility.csproj", "{EAA8BD33-344D-4E08-A372-52626CE28376}"
EndProject
Project("{2150E333-8FDC-42A3-9474-1A3956D46DE8}") = "3. Comportamental", "3. Comportamental", "{6F201920-5FCB-4E59-B136-0F3699E76D84}"
EndProject
Project("{2150E333-8FDC-42A3-9474-1A3956D46DE8}") = "2. Estrutural", "2. Estrutural", "{6C27B644-BD26-438B-BACD-55E1A91A8B16}"
EndProject
Project("{2150E333-8FDC-42A3-9474-1A3956D46DE8}") = "1. Criacao", "1. Criacao", "{6DF6AE96-6BB2-4B13-936E-B6E9A10EFEFF}"
EndProject
Project("{FAE04EC0-301F-11D3-BF4B-00C04F79EFBC}") = "1.2.FactoryMethod", "1.2.FactoryMethod\1.2.FactoryMethod.csproj", "{07348AAF-2EDC-4BC3-8AFC-3621503C4D10}"
EndProject
Project("{FAE04EC0-301F-11D3-BF4B-00C04F79EFBC}") = "1.1.Singleton", "1.1.Singleton\1.1.Singleton.csproj", "{DDE6121D-BD22-4B07-97E9-AE7372756904}"
EndProject
Project("{FAE04EC0-301F-11D3-BF4B-00C04F79EFBC}") = "1.3.AbstractFactory", "1.3.AbstractFactory\1.3.AbstractFactory.csproj", "{7FEB7C98-B8A4-40C4-8365-4B789DB0757E}"
EndProject
Project("{FAE04EC0-301F-11D3-BF4B-00C04F79EFBC}") = "1.4.Builder", "1.4.Builder\1.4.Builder.csproj", "{3FE032B8-F3AC-4B62-88E5-2818FFC3D119}"
EndProject
Project("{FAE04EC0-301F-11D3-BF4B-00C04F79EFBC}") = "1.5.Prototype", "1.5.Prototype\1.5.Prototype.csproj", "{3A31B4EA-A020-4F27-8C44-BC96083F7567}"
EndProject
Project("{FAE04EC0-301F-11D3-BF4B-00C04F79EFBC}") = "2.1.Bridge", "2.1.Bridge\2.1.Bridge.csproj", "{FD47130D-66FD-4119-A9D7-2B98896C6ADF}"
EndProject
Project("{FAE04EC0-301F-11D3-BF4B-00C04F79EFBC}") = "2.2.Adapter", "2.2.Adapter\2.2.Adapter.csproj", "{9284AF7E-7793-46DC-8BFF-9B775CF58F25}"
EndProject
Project("{FAE04EC0-301F-11D3-BF4B-00C04F79EFBC}") = "2.3.Proxy", "2.3.Proxy\2.3.Proxy.csproj", "{F37A76F5-F2BC-46CD-8EAD-E5856F3ADFE6}"
EndProject
Project("{FAE04EC0-301F-11D3-BF4B-00C04F79EFBC}") = "2.4.Decorator", "2.4.Decorator\2.4.Decorator.csproj", "{BE2688A9-0B95-4472-8E8A-763DF20C43D5}"
EndProject
Project("{FAE04EC0-301F-11D3-BF4B-00C04F79EFBC}") = "2.5.Composite", "2.5.Composite\2.5.Composite.csproj", "{930CC9DD-F6DE-4621-9F74-80AF6461515D}"
EndProject
Project("{FAE04EC0-301F-11D3-BF4B-00C04F79EFBC}") = "2.6.Facade", "2.6.Facade\2.6.Facade.csproj", "{2F001CF9-2DF5-48B3-9BBB-D240892A9434}"
EndProject
Project("{FAE04EC0-301F-11D3-BF4B-00C04F79EFBC}") = "2.7.Flyweight", "2.7.Flyweight\2.7.Flyweight.csproj", "{E4BE1EF3-5AB3-426F-AF9A-4E299122AC90}"
EndProject
Project("{FAE04EC0-301F-11D3-BF4B-00C04F79EFBC}") = "3.1.Command", "3.1.Command\3.1.Command.csproj", "{4D1F2734-ADA6-4D9D-8D9D-DC0F12DE73B2}"
EndProject
Project("{FAE04EC0-301F-11D3-BF4B-00C04F79EFBC}") = "3.2.Strategy", "3.2.Strategy\3.2.Strategy.csproj", "{78187F91-8EBE-4F9E-86D7-16FDA5C43897}"
EndProject
Project("{FAE04EC0-301F-11D3-BF4B-00C04F79EFBC}") = "3.3.State", "3.3.State\3.3.State.csproj", "{A14368AB-3F35-4E95-8D51-8071E27A8D58}"
EndProject
Project("{FAE04EC0-301F-11D3-BF4B-00C04F79EFBC}") = "3.4.Observer", "3.4.Observer\3.4.Observer.csproj", "{E3189E1F-BF42-4EB6-854C-AF8A2E71973F}"
EndProject
Project("{FAE04EC0-301F-11D3-BF4B-00C04F79EFBC}") = "3.5.Mediator", "3.5.Mediator\3.5.Mediator.csproj", "{2E681934-BC0E-4E4C-B1F4-E7C2964C7987}"
EndProject
Project("{FAE04EC0-301F-11D3-BF4B-00C04F79EFBC}") = "3.6.ChainOfResposability", "3.6.ChainOfResposability\3.6.ChainOfResposability.csproj", "{E697C830-E682-4EB3-A174-0998AB0F9669}"
EndProject
Project("{FAE04EC0-301F-11D3-BF4B-00C04F79EFBC}") = "3.7.TemplateMethod", "3.7.TemplateMethod\3.7.TemplateMethod.csproj", "{2C0ACBFC-F1C1-4DE0-9F31-407F159AF7A0}"
EndProject
Project("{FAE04EC0-301F-11D3-BF4B-00C04F79EFBC}") = "3.8.Interpreter", "3.8.Interpreter\3.8.Interpreter.csproj", "{DFC21686-9945-422C-BA33-4BFA0638AB1A}"
EndProject
Project("{FAE04EC0-301F-11D3-BF4B-00C04F79EFBC}") = "3.9.Memento", "3.9.Memento\3.9.Memento.csproj", "{92D8FCFB-6B35-4430-9801-657314A93C57}"
EndProject
Project("{FAE04EC0-301F-11D3-BF4B-00C04F79EFBC}") = "3.10.Interator", "3.10.Interator\3.10.Interator.csproj", "{D03D40AD-CAB3-4A1D-A593-66A17D7267ED}"
EndProject
Project("{FAE04EC0-301F-11D3-BF4B-00C04F79EFBC}") = "3.11.Visitor", "3.11.Visitor\3.11.Visitor.csproj", "{B935B1E1-1E5A-4545-B441-B834734FE3F4}"
EndProject
Global
	GlobalSection(SolutionConfigurationPlatforms) = preSolution
		Debug|Any CPU = Debug|Any CPU
		Release|Any CPU = Release|Any CPU
	EndGlobalSection
	GlobalSection(ProjectConfigurationPlatforms) = postSolution
		{EAA8BD33-344D-4E08-A372-52626CE28376}.Debug|Any CPU.ActiveCfg = Debug|Any CPU
		{EAA8BD33-344D-4E08-A372-52626CE28376}.Debug|Any CPU.Build.0 = Debug|Any CPU
		{EAA8BD33-344D-4E08-A372-52626CE28376}.Release|Any CPU.ActiveCfg = Release|Any CPU
		{EAA8BD33-344D-4E08-A372-52626CE28376}.Release|Any CPU.Build.0 = Release|Any CPU
		{07348AAF-2EDC-4BC3-8AFC-3621503C4D10}.Debug|Any CPU.ActiveCfg = Debug|Any CPU
		{07348AAF-2EDC-4BC3-8AFC-3621503C4D10}.Debug|Any CPU.Build.0 = Debug|Any CPU
		{07348AAF-2EDC-4BC3-8AFC-3621503C4D10}.Release|Any CPU.ActiveCfg = Release|Any CPU
		{07348AAF-2EDC-4BC3-8AFC-3621503C4D10}.Release|Any CPU.Build.0 = Release|Any CPU
		{DDE6121D-BD22-4B07-97E9-AE7372756904}.Debug|Any CPU.ActiveCfg = Debug|Any CPU
		{DDE6121D-BD22-4B07-97E9-AE7372756904}.Debug|Any CPU.Build.0 = Debug|Any CPU
		{DDE6121D-BD22-4B07-97E9-AE7372756904}.Release|Any CPU.ActiveCfg = Release|Any CPU
		{DDE6121D-BD22-4B07-97E9-AE7372756904}.Release|Any CPU.Build.0 = Release|Any CPU
		{7FEB7C98-B8A4-40C4-8365-4B789DB0757E}.Debug|Any CPU.ActiveCfg = Debug|Any CPU
		{7FEB7C98-B8A4-40C4-8365-4B789DB0757E}.Debug|Any CPU.Build.0 = Debug|Any CPU
		{7FEB7C98-B8A4-40C4-8365-4B789DB0757E}.Release|Any CPU.ActiveCfg = Release|Any CPU
		{7FEB7C98-B8A4-40C4-8365-4B789DB0757E}.Release|Any CPU.Build.0 = Release|Any CPU
		{3FE032B8-F3AC-4B62-88E5-2818FFC3D119}.Debug|Any CPU.ActiveCfg = Debug|Any CPU
		{3FE032B8-F3AC-4B62-88E5-2818FFC3D119}.Debug|Any CPU.Build.0 = Debug|Any CPU
		{3FE032B8-F3AC-4B62-88E5-2818FFC3D119}.Release|Any CPU.ActiveCfg = Release|Any CPU
		{3FE032B8-F3AC-4B62-88E5-2818FFC3D119}.Release|Any CPU.Build.0 = Release|Any CPU
		{3A31B4EA-A020-4F27-8C44-BC96083F7567}.Debug|Any CPU.ActiveCfg = Debug|Any CPU
		{3A31B4EA-A020-4F27-8C44-BC96083F7567}.Debug|Any CPU.Build.0 = Debug|Any CPU
		{3A31B4EA-A020-4F27-8C44-BC96083F7567}.Release|Any CPU.ActiveCfg = Release|Any CPU
		{3A31B4EA-A020-4F27-8C44-BC96083F7567}.Release|Any CPU.Build.0 = Release|Any CPU
		{FD47130D-66FD-4119-A9D7-2B98896C6ADF}.Debug|Any CPU.ActiveCfg = Debug|Any CPU
		{FD47130D-66FD-4119-A9D7-2B98896C6ADF}.Debug|Any CPU.Build.0 = Debug|Any CPU
		{FD47130D-66FD-4119-A9D7-2B98896C6ADF}.Release|Any CPU.ActiveCfg = Release|Any CPU
		{FD47130D-66FD-4119-A9D7-2B98896C6ADF}.Release|Any CPU.Build.0 = Release|Any CPU
		{9284AF7E-7793-46DC-8BFF-9B775CF58F25}.Debug|Any CPU.ActiveCfg = Debug|Any CPU
		{9284AF7E-7793-46DC-8BFF-9B775CF58F25}.Debug|Any CPU.Build.0 = Debug|Any CPU
		{9284AF7E-7793-46DC-8BFF-9B775CF58F25}.Release|Any CPU.ActiveCfg = Release|Any CPU
		{9284AF7E-7793-46DC-8BFF-9B775CF58F25}.Release|Any CPU.Build.0 = Release|Any CPU
		{F37A76F5-F2BC-46CD-8EAD-E5856F3ADFE6}.Debug|Any CPU.ActiveCfg = Debug|Any CPU
		{F37A76F5-F2BC-46CD-8EAD-E5856F3ADFE6}.Debug|Any CPU.Build.0 = Debug|Any CPU
		{F37A76F5-F2BC-46CD-8EAD-E5856F3ADFE6}.Release|Any CPU.ActiveCfg = Release|Any CPU
		{F37A76F5-F2BC-46CD-8EAD-E5856F3ADFE6}.Release|Any CPU.Build.0 = Release|Any CPU
		{BE2688A9-0B95-4472-8E8A-763DF20C43D5}.Debug|Any CPU.ActiveCfg = Debug|Any CPU
		{BE2688A9-0B95-4472-8E8A-763DF20C43D5}.Debug|Any CPU.Build.0 = Debug|Any CPU
		{BE2688A9-0B95-4472-8E8A-763DF20C43D5}.Release|Any CPU.ActiveCfg = Release|Any CPU
		{BE2688A9-0B95-4472-8E8A-763DF20C43D5}.Release|Any CPU.Build.0 = Release|Any CPU
		{930CC9DD-F6DE-4621-9F74-80AF6461515D}.Debug|Any CPU.ActiveCfg = Debug|Any CPU
		{930CC9DD-F6DE-4621-9F74-80AF6461515D}.Debug|Any CPU.Build.0 = Debug|Any CPU
		{930CC9DD-F6DE-4621-9F74-80AF6461515D}.Release|Any CPU.ActiveCfg = Release|Any CPU
		{930CC9DD-F6DE-4621-9F74-80AF6461515D}.Release|Any CPU.Build.0 = Release|Any CPU
		{2F001CF9-2DF5-48B3-9BBB-D240892A9434}.Debug|Any CPU.ActiveCfg = Debug|Any CPU
		{2F001CF9-2DF5-48B3-9BBB-D240892A9434}.Debug|Any CPU.Build.0 = Debug|Any CPU
		{2F001CF9-2DF5-48B3-9BBB-D240892A9434}.Release|Any CPU.ActiveCfg = Release|Any CPU
		{2F001CF9-2DF5-48B3-9BBB-D240892A9434}.Release|Any CPU.Build.0 = Release|Any CPU
		{E4BE1EF3-5AB3-426F-AF9A-4E299122AC90}.Debug|Any CPU.ActiveCfg = Debug|Any CPU
		{E4BE1EF3-5AB3-426F-AF9A-4E299122AC90}.Debug|Any CPU.Build.0 = Debug|Any CPU
		{E4BE1EF3-5AB3-426F-AF9A-4E299122AC90}.Release|Any CPU.ActiveCfg = Release|Any CPU
		{E4BE1EF3-5AB3-426F-AF9A-4E299122AC90}.Release|Any CPU.Build.0 = Release|Any CPU
		{4D1F2734-ADA6-4D9D-8D9D-DC0F12DE73B2}.Debug|Any CPU.ActiveCfg = Debug|Any CPU
		{4D1F2734-ADA6-4D9D-8D9D-DC0F12DE73B2}.Debug|Any CPU.Build.0 = Debug|Any CPU
		{4D1F2734-ADA6-4D9D-8D9D-DC0F12DE73B2}.Release|Any CPU.ActiveCfg = Release|Any CPU
		{4D1F2734-ADA6-4D9D-8D9D-DC0F12DE73B2}.Release|Any CPU.Build.0 = Release|Any CPU
		{78187F91-8EBE-4F9E-86D7-16FDA5C43897}.Debug|Any CPU.ActiveCfg = Debug|Any CPU
		{78187F91-8EBE-4F9E-86D7-16FDA5C43897}.Debug|Any CPU.Build.0 = Debug|Any CPU
		{78187F91-8EBE-4F9E-86D7-16FDA5C43897}.Release|Any CPU.ActiveCfg = Release|Any CPU
		{78187F91-8EBE-4F9E-86D7-16FDA5C43897}.Release|Any CPU.Build.0 = Release|Any CPU
		{A14368AB-3F35-4E95-8D51-8071E27A8D58}.Debug|Any CPU.ActiveCfg = Debug|Any CPU
		{A14368AB-3F35-4E95-8D51-8071E27A8D58}.Debug|Any CPU.Build.0 = Debug|Any CPU
		{A14368AB-3F35-4E95-8D51-8071E27A8D58}.Release|Any CPU.ActiveCfg = Release|Any CPU
		{A14368AB-3F35-4E95-8D51-8071E27A8D58}.Release|Any CPU.Build.0 = Release|Any CPU
		{E3189E1F-BF42-4EB6-854C-AF8A2E71973F}.Debug|Any CPU.ActiveCfg = Debug|Any CPU
		{E3189E1F-BF42-4EB6-854C-AF8A2E71973F}.Debug|Any CPU.Build.0 = Debug|Any CPU
		{E3189E1F-BF42-4EB6-854C-AF8A2E71973F}.Release|Any CPU.ActiveCfg = Release|Any CPU
		{E3189E1F-BF42-4EB6-854C-AF8A2E71973F}.Release|Any CPU.Build.0 = Release|Any CPU
		{2E681934-BC0E-4E4C-B1F4-E7C2964C7987}.Debug|Any CPU.ActiveCfg = Debug|Any CPU
		{2E681934-BC0E-4E4C-B1F4-E7C2964C7987}.Debug|Any CPU.Build.0 = Debug|Any CPU
		{2E681934-BC0E-4E4C-B1F4-E7C2964C7987}.Release|Any CPU.ActiveCfg = Release|Any CPU
		{2E681934-BC0E-4E4C-B1F4-E7C2964C7987}.Release|Any CPU.Build.0 = Release|Any CPU
		{E697C830-E682-4EB3-A174-0998AB0F9669}.Debug|Any CPU.ActiveCfg = Debug|Any CPU
		{E697C830-E682-4EB3-A174-0998AB0F9669}.Debug|Any CPU.Build.0 = Debug|Any CPU
		{E697C830-E682-4EB3-A174-0998AB0F9669}.Release|Any CPU.ActiveCfg = Release|Any CPU
		{E697C830-E682-4EB3-A174-0998AB0F9669}.Release|Any CPU.Build.0 = Release|Any CPU
		{2C0ACBFC-F1C1-4DE0-9F31-407F159AF7A0}.Debug|Any CPU.ActiveCfg = Debug|Any CPU
		{2C0ACBFC-F1C1-4DE0-9F31-407F159AF7A0}.Debug|Any CPU.Build.0 = Debug|Any CPU
		{2C0ACBFC-F1C1-4DE0-9F31-407F159AF7A0}.Release|Any CPU.ActiveCfg = Release|Any CPU
		{2C0ACBFC-F1C1-4DE0-9F31-407F159AF7A0}.Release|Any CPU.Build.0 = Release|Any CPU
		{DFC21686-9945-422C-BA33-4BFA0638AB1A}.Debug|Any CPU.ActiveCfg = Debug|Any CPU
		{DFC21686-9945-422C-BA33-4BFA0638AB1A}.Debug|Any CPU.Build.0 = Debug|Any CPU
		{DFC21686-9945-422C-BA33-4BFA0638AB1A}.Release|Any CPU.ActiveCfg = Release|Any CPU
		{DFC21686-9945-422C-BA33-4BFA0638AB1A}.Release|Any CPU.Build.0 = Release|Any CPU
		{92D8FCFB-6B35-4430-9801-657314A93C57}.Debug|Any CPU.ActiveCfg = Debug|Any CPU
		{92D8FCFB-6B35-4430-9801-657314A93C57}.Debug|Any CPU.Build.0 = Debug|Any CPU
		{92D8FCFB-6B35-4430-9801-657314A93C57}.Release|Any CPU.ActiveCfg = Release|Any CPU
		{92D8FCFB-6B35-4430-9801-657314A93C57}.Release|Any CPU.Build.0 = Release|Any CPU
		{D03D40AD-CAB3-4A1D-A593-66A17D7267ED}.Debug|Any CPU.ActiveCfg = Debug|Any CPU
		{D03D40AD-CAB3-4A1D-A593-66A17D7267ED}.Debug|Any CPU.Build.0 = Debug|Any CPU
		{D03D40AD-CAB3-4A1D-A593-66A17D7267ED}.Release|Any CPU.ActiveCfg = Release|Any CPU
		{D03D40AD-CAB3-4A1D-A593-66A17D7267ED}.Release|Any CPU.Build.0 = Release|Any CPU
		{B935B1E1-1E5A-4545-B441-B834734FE3F4}.Debug|Any CPU.ActiveCfg = Debug|Any CPU
		{B935B1E1-1E5A-4545-B441-B834734FE3F4}.Debug|Any CPU.Build.0 = Debug|Any CPU
		{B935B1E1-1E5A-4545-B441-B834734FE3F4}.Release|Any CPU.ActiveCfg = Release|Any CPU
		{B935B1E1-1E5A-4545-B441-B834734FE3F4}.Release|Any CPU.Build.0 = Release|Any CPU
	EndGlobalSection
	GlobalSection(SolutionProperties) = preSolution
		HideSolutionNode = FALSE
	EndGlobalSection
	GlobalSection(NestedProjects) = preSolution
		{EAA8BD33-344D-4E08-A372-52626CE28376} = {6F201920-5FCB-4E59-B136-0F3699E76D84}
		{07348AAF-2EDC-4BC3-8AFC-3621503C4D10} = {6DF6AE96-6BB2-4B13-936E-B6E9A10EFEFF}
		{DDE6121D-BD22-4B07-97E9-AE7372756904} = {6DF6AE96-6BB2-4B13-936E-B6E9A10EFEFF}
		{7FEB7C98-B8A4-40C4-8365-4B789DB0757E} = {6DF6AE96-6BB2-4B13-936E-B6E9A10EFEFF}
		{3FE032B8-F3AC-4B62-88E5-2818FFC3D119} = {6DF6AE96-6BB2-4B13-936E-B6E9A10EFEFF}
		{3A31B4EA-A020-4F27-8C44-BC96083F7567} = {6DF6AE96-6BB2-4B13-936E-B6E9A10EFEFF}
		{FD47130D-66FD-4119-A9D7-2B98896C6ADF} = {6C27B644-BD26-438B-BACD-55E1A91A8B16}
		{9284AF7E-7793-46DC-8BFF-9B775CF58F25} = {6C27B644-BD26-438B-BACD-55E1A91A8B16}
		{F37A76F5-F2BC-46CD-8EAD-E5856F3ADFE6} = {6C27B644-BD26-438B-BACD-55E1A91A8B16}
		{BE2688A9-0B95-4472-8E8A-763DF20C43D5} = {6C27B644-BD26-438B-BACD-55E1A91A8B16}
		{930CC9DD-F6DE-4621-9F74-80AF6461515D} = {6C27B644-BD26-438B-BACD-55E1A91A8B16}
		{2F001CF9-2DF5-48B3-9BBB-D240892A9434} = {6C27B644-BD26-438B-BACD-55E1A91A8B16}
		{E4BE1EF3-5AB3-426F-AF9A-4E299122AC90} = {6C27B644-BD26-438B-BACD-55E1A91A8B16}
		{4D1F2734-ADA6-4D9D-8D9D-DC0F12DE73B2} = {6F201920-5FCB-4E59-B136-0F3699E76D84}
		{78187F91-8EBE-4F9E-86D7-16FDA5C43897} = {6F201920-5FCB-4E59-B136-0F3699E76D84}
		{A14368AB-3F35-4E95-8D51-8071E27A8D58} = {6F201920-5FCB-4E59-B136-0F3699E76D84}
		{E3189E1F-BF42-4EB6-854C-AF8A2E71973F} = {6F201920-5FCB-4E59-B136-0F3699E76D84}
		{2E681934-BC0E-4E4C-B1F4-E7C2964C7987} = {6F201920-5FCB-4E59-B136-0F3699E76D84}
		{E697C830-E682-4EB3-A174-0998AB0F9669} = {6F201920-5FCB-4E59-B136-0F3699E76D84}
		{2C0ACBFC-F1C1-4DE0-9F31-407F159AF7A0} = {6F201920-5FCB-4E59-B136-0F3699E76D84}
		{DFC21686-9945-422C-BA33-4BFA0638AB1A} = {6F201920-5FCB-4E59-B136-0F3699E76D84}
		{92D8FCFB-6B35-4430-9801-657314A93C57} = {6F201920-5FCB-4E59-B136-0F3699E76D84}
		{D03D40AD-CAB3-4A1D-A593-66A17D7267ED} = {6F201920-5FCB-4E59-B136-0F3699E76D84}
		{B935B1E1-1E5A-4545-B441-B834734FE3F4} = {6F201920-5FCB-4E59-B136-0F3699E76D84}
	EndGlobalSection
	GlobalSection(ExtensibilityGlobals) = postSolution
		SolutionGuid = {B5B83F79-4CC7-41CC-A609-742E06F558C7}
	EndGlobalSection
EndGlobal
